
Microsoft Visual Studio Solution File, Format Version 11.00
# Visual Studio 2010
Project("{FAE04EC0-301F-11D3-BF4B-00C04F79EFBC}") = "Assembly-CSharp", "Assembly-CSharp.csproj", "{3d821f29-8ffe-4b3e-57a6-e7fa97716b83}"
EndProject
Project("{FAE04EC0-301F-11D3-BF4B-00C04F79EFBC}") = "Assembly-CSharp-Editor", "Assembly-CSharp-Editor.csproj", "{bf67ca72-2a5d-d6af-e60a-781902f3d0e5}"
EndProject
Global
	GlobalSection(SolutionConfigurationPlatforms) = preSolution
		Debug|Any CPU = Debug|Any CPU
	EndGlobalSection
	GlobalSection(ProjectConfigurationPlatforms) = postSolution
		{3d821f29-8ffe-4b3e-57a6-e7fa97716b83}.Debug|Any CPU.ActiveCfg = Debug|Any CPU
		{3d821f29-8ffe-4b3e-57a6-e7fa97716b83}.Debug|Any CPU.Build.0 = Debug|Any CPU
		{bf67ca72-2a5d-d6af-e60a-781902f3d0e5}.Debug|Any CPU.ActiveCfg = Debug|Any CPU
		{bf67ca72-2a5d-d6af-e60a-781902f3d0e5}.Debug|Any CPU.Build.0 = Debug|Any CPU
	EndGlobalSection
	GlobalSection(SolutionProperties) = preSolution
		HideSolutionNode = FALSE
	EndGlobalSection
EndGlobal
